
Microsoft Visual Studio Solution File, Format Version 12.00
# Visual Studio 14
VisualStudioVersion = 14.0.25123.0
MinimumVisualStudioVersion = 10.0.40219.1
Project("{FAE04EC0-301F-11D3-BF4B-00C04F79EFBC}") = "PunchIt", "PunchIt\PunchIt.csproj", "{B6EE4055-FBBB-4056-9E6B-E0E8C19FB4FF}"
EndProject
Project("{FAE04EC0-301F-11D3-BF4B-00C04F79EFBC}") = "PunchItAgent", "PunchItAgent\PunchItAgent.csproj", "{CD6A49CD-FC09-48E9-99D8-1683C38E5CA4}"
EndProject
Global
	GlobalSection(SolutionConfigurationPlatforms) = preSolution
		Debug|Any CPU = Debug|Any CPU
		Release|Any CPU = Release|Any CPU
	EndGlobalSection
	GlobalSection(ProjectConfigurationPlatforms) = postSolution
		{B6EE4055-FBBB-4056-9E6B-E0E8C19FB4FF}.Debug|Any CPU.ActiveCfg = Debug|Any CPU
		{B6EE4055-FBBB-4056-9E6B-E0E8C19FB4FF}.Debug|Any CPU.Build.0 = Debug|Any CPU
		{B6EE4055-FBBB-4056-9E6B-E0E8C19FB4FF}.Release|Any CPU.ActiveCfg = Release|Any CPU
		{B6EE4055-FBBB-4056-9E6B-E0E8C19FB4FF}.Release|Any CPU.Build.0 = Release|Any CPU
		{CD6A49CD-FC09-48E9-99D8-1683C38E5CA4}.Debug|Any CPU.ActiveCfg = Debug|Any CPU
		{CD6A49CD-FC09-48E9-99D8-1683C38E5CA4}.Debug|Any CPU.Build.0 = Debug|Any CPU
		{CD6A49CD-FC09-48E9-99D8-1683C38E5CA4}.Release|Any CPU.ActiveCfg = Release|Any CPU
		{CD6A49CD-FC09-48E9-99D8-1683C38E5CA4}.Release|Any CPU.Build.0 = Release|Any CPU
	EndGlobalSection
	GlobalSection(SolutionProperties) = preSolution
		HideSolutionNode = FALSE
	EndGlobalSection
EndGlobal
